# This file is autogenerated, do not edit; changes may be undone by the next 'dep ensure'.


[[projects]]
  name = "github.com/NYTimes/gziphandler"
  packages = ["."]
  revision = "2600fb119af974220d3916a5916d6e31176aac1b"
  version = "v1.0.1"

[[projects]]
  branch = "master"
  name = "github.com/weaming/disk-analysis"
  packages = ["filetree"]
  revision = "499468110d3f74a3432e1de2b5c1c5c53bc335b6"

[solve-meta]
  analyzer-name = "dep"
  analyzer-version = 1
  inputs-digest = "bdb7c9ea8296b196452032fe5c1316d0c29cbfe355a9a4e2b6844912d9d144fe"
  solver-name = "gps-cdcl"
  solver-version = 1
