# This file is autogenerated, do not edit; changes may be undone by the next 'dep ensure'.


[[projects]]
  name = "github.com/NYTimes/gziphandler"
  packages = ["."]
  revision = "2600fb119af974220d3916a5916d6e31176aac1b"
  version = "v1.0.1"

[[projects]]
  branch = "master"
  name = "github.com/weaming/disk-analysis"
  packages = ["filetree"]
  revision = "499468110d3f74a3432e1de2b5c1c5c53bc335b6"

[[projects]]
  name = "github.com/weaming/go-git-http"
  packages = ["."]
  revision = "cd0469f04f1e1f4e8562fb9b79f68eefaa50ed1f"
  version = "1.1.0"

[solve-meta]
  analyzer-name = "dep"
  analyzer-version = 1
  inputs-digest = "102dc5e765b8e3d28c2fb240088c6c0f525ea1eddd65c9a44c83e7fbe856f179"
  solver-name = "gps-cdcl"
  solver-version = 1
